<?xml version="1.0" encoding="utf-8"?>
<Project ToolsVersion="4.0" xmlns="http://schemas.microsoft.com/developer/msbuild/2003">
  <ItemGroup>
    <Filter Include="assets">
      <UniqueIdentifier>{583885F2-44DA-AFC8-2D95-C31C19D63619}</UniqueIdentifier>
    </Filter>
    <Filter Include="input">
      <UniqueIdentifier>{B54AA90F-215F-D1C0-EAE0-742056B4CDF1}</UniqueIdentifier>
    </Filter>
    <Filter Include="math">
      <UniqueIdentifier>{CF809A7C-BBB7-9B0D-64A4-811050BA170F}</UniqueIdentifier>
    </Filter>
    <Filter Include="platform">
      <UniqueIdentifier>{4A63C33C-3630-1E48-5F49-0CF04B7553D6}</UniqueIdentifier>
    </Filter>
    <Filter Include="renderer">
      <UniqueIdentifier>{9C6AA017-8837-FB22-B150-E9CA9D7C30B1}</UniqueIdentifier>
    </Filter>
  </ItemGroup>
  <ItemGroup>
    <ClInclude Include="src\assets\assets.h">
      <Filter>assets</Filter>
    </ClInclude>
    <ClInclude Include="src\assets\model_loader.h">
      <Filter>assets</Filter>
    </ClInclude>
    <ClInclude Include="src\assets\sound.h">
      <Filter>assets</Filter>
    </ClInclude>
    <ClInclude Include="src\game.h" />
    <ClInclude Include="src\impl.h" />
    <ClInclude Include="src\input\input.h">
      <Filter>input</Filter>
    </ClInclude>
    <ClInclude Include="src\input\key_codes.h">
      <Filter>input</Filter>
    </ClInclude>
    <ClInclude Include="src\math\handmade_math.h">
      <Filter>math</Filter>
    </ClInclude>
    <ClInclude Include="src\pch.h" />
    <ClInclude Include="src\platform\platform.h">
      <Filter>platform</Filter>
    </ClInclude>
    <ClInclude Include="src\platform\win32_platform.h">
      <Filter>platform</Filter>
    </ClInclude>
    <ClInclude Include="src\renderer\d3d11_renderer.h">
      <Filter>renderer</Filter>
    </ClInclude>
    <ClInclude Include="src\renderer\renderer.h">
      <Filter>renderer</Filter>
    </ClInclude>
    <ClInclude Include="src\assets\animator.h">
      <Filter>assets</Filter>
    </ClInclude>
  </ItemGroup>
  <ItemGroup>
    <ClCompile Include="src\assets\model_loader.cpp">
      <Filter>assets</Filter>
    </ClCompile>
    <ClCompile Include="src\assets\sound.cpp">
      <Filter>assets</Filter>
    </ClCompile>
    <ClCompile Include="src\impl.cpp" />
    <ClCompile Include="src\main.cpp" />
    <ClCompile Include="src\pch.cpp" />
    <ClCompile Include="src\platform\win32_platform.cpp">
      <Filter>platform</Filter>
    </ClCompile>
    <ClCompile Include="src\renderer\d3d11_renderer.cpp">
      <Filter>renderer</Filter>
    </ClCompile>
  </ItemGroup>
</Project>